<Solution>
  <Project Path="Resumetry.Domain/Resumetry.Domain.csproj" Id="ed2d429a-faf9-4d8d-9c45-666bbe12e23a" />
  <Project Path="Resumetry.Application/Resumetry.Application.csproj" />
  <Project Path="Resumetry.Application.Tests/Resumetry.Application.Tests.csproj" />
  <Project Path="Resumetry.Infrastructure/Resumetry.Infrastructure.csproj" />
  <Project Path="Resumetry.Infrastructure.Tests/Resumetry.Infrastructure.Tests.csproj" />
  <Project Path="Resumetry.WPF.Tests/Resumetry.WPF.Tests.csproj" />
  <Project Path="Resumetry.WPF/Resumetry.WPF.csproj" />
</Solution>
